<?xml version="1.0" encoding="UTF-8" standalone="yes" ?>
<CodeBlocks_project_file>
	<FileVersion major="1" minor="6" />
	<Project>
		<Option title="kooplex-config" />
		<Option pch_mode="2" />
		<Option compiler="null" />
		<Build>
			<Target title="Debug">
				<Option output="bin/Debug/kooplex-config" prefix_auto="1" extension_auto="1" />
				<Option object_output="obj/Debug/" />
				<Option type="1" />
				<Option compiler="null" />
			</Target>
		</Build>
		<Unit filename="README.md" />
		<Unit filename="adduser.sh" />
		<Unit filename="config.sh" />
		<Unit filename="etc/nslcd.conf" />
		<Unit filename="etc/nsswitch.conf" />
		<Unit filename="etc/pam.d/common-account" />
		<Unit filename="etc/pam.d/common-auth" />
		<Unit filename="etc/pam.d/common-password" />
		<Unit filename="etc/pam.d/common-session" />
		<Unit filename="etc/pam.d/common-session-noninteractive" />
		<Unit filename="init.sh" />
		<Unit filename="install.sh" />
		<Unit filename="lib.sh" />
		<Unit filename="modules/admin/Dockerfile" />
		<Unit filename="modules/admin/RepoUtils.py" />
		<Unit filename="modules/admin/init.sh" />
		<Unit filename="modules/admin/install.sh" />
		<Unit filename="modules/admin/remove.sh" />
		<Unit filename="modules/base/Dockerfile" />
		<Unit filename="modules/base/init.sh" />
		<Unit filename="modules/base/install.sh" />
		<Unit filename="modules/base/remove.sh" />
		<Unit filename="modules/base/start.sh" />
		<Unit filename="modules/binder/Dockerfile.jupyterhub" />
		<Unit filename="modules/binder/Dockerfile.userimage" />
		<Unit filename="modules/binder/docker-compose.yml" />
		<Unit filename="modules/binder/init.sh" />
		<Unit filename="modules/binder/install.sh" />
		<Unit filename="modules/binder/jupyterhub_config.py" />
		<Unit filename="modules/binder/poor_mans_binder/poor_mans_binder.py" />
		<Unit filename="modules/binder/remove.sh" />
		<Unit filename="modules/binder/requirements.txt" />
		<Unit filename="modules/binder/secrets/jupyterhub.crt" />
		<Unit filename="modules/binder/secrets/jupyterhub.csr" />
		<Unit filename="modules/binder/secrets/jupyterhub.key" />
		<Unit filename="modules/binder/secrets/jupyterhub.key.orig" />
		<Unit filename="modules/binder/secrets/make_ssl.sh" />
		<Unit filename="modules/binder/singleuser.sh" />
		<Unit filename="modules/gitlab/init.sh" />
		<Unit filename="modules/gitlab/install.sh" />
		<Unit filename="modules/gitlab/remove.sh" />
		<Unit filename="modules/home/init.sh" />
		<Unit filename="modules/home/install.sh" />
		<Unit filename="modules/home/remove.sh" />
		<Unit filename="modules/jupyterhub/Dockerfile" />
		<Unit filename="modules/jupyterhub/etc/nsswitch.conf" />
		<Unit filename="modules/jupyterhub/etc/pam.d/common-account" />
		<Unit filename="modules/jupyterhub/etc/pam.d/common-auth" />
		<Unit filename="modules/jupyterhub/etc/pam.d/common-password" />
		<Unit filename="modules/jupyterhub/etc/pam.d/common-session" />
		<Unit filename="modules/jupyterhub/etc/pam.d/common-session-noninteractive" />
		<Unit filename="modules/jupyterhub/init.sh" />
		<Unit filename="modules/jupyterhub/install.sh" />
		<Unit filename="modules/jupyterhub/remove.sh" />
		<Unit filename="modules/jupyterhub/wrapper.sh" />
		<Unit filename="modules/ldap/README.md" />
		<Unit filename="modules/ldap/init.sh" />
		<Unit filename="modules/ldap/install.sh" />
		<Unit filename="modules/ldap/remove.sh" />
		<Unit filename="modules/ldap/units.ldif" />
		<Unit filename="modules/net/init.sh" />
		<Unit filename="modules/net/install.sh" />
		<Unit filename="modules/net/remove.sh" />
		<Unit filename="modules/nginx/etc/nginx.conf" />
		<Unit filename="modules/nginx/init.sh" />
		<Unit filename="modules/nginx/install.sh" />
		<Unit filename="modules/nginx/remove.sh" />
		<Unit filename="modules/notebook/Dockerfile" />
		<Unit filename="modules/notebook/init.sh" />
		<Unit filename="modules/notebook/install.sh" />
		<Unit filename="modules/notebook/remove.sh" />
		<Unit filename="modules/owncloud/Dockerfile" />
		<Unit filename="modules/owncloud/Readme.md" />
		<Unit filename="modules/owncloud/entrypoint.sh" />
		<Unit filename="modules/owncloud/init.sh" />
		<Unit filename="modules/owncloud/install.sh" />
		<Unit filename="modules/owncloud/remove.sh" />
		<Unit filename="modules/owncloud/wrapper.sh" />
		<Unit filename="remove.sh" />
		<Extensions>
			<code_completion />
			<debugger />
		</Extensions>
	</Project>
</CodeBlocks_project_file>
